{
  "pins" : [
    {
      "identity" : "iqkeyboardmanager",
      "kind" : "remoteSourceControl",
      "location" : "https://github.com/hackiftekhar/IQKeyboardManager.git",
      "state" : {
        "branch" : "master",
        "revision" : "f0fad1d51f9710cbd0ac6d49121d8b7fddd5c7f6"
      }
    }
  ],
  "version" : 2
}
