// !$*UTF8*$!
{
	archiveVersion = 1;
	classes = {
	};
	objectVersion = 51;
	objects = {

/* Begin PBXBuildFile section */
		7F036F712680CCE400A684C9 /* delete-notes-swoosh-sound.wav in Resources */ = {isa = PBXBuildFile; fileRef = 7F036F702680CCE400A684C9 /* delete-notes-swoosh-sound.wav */; };
		7F036F752680CDB800A684C9 /* save-notes-bell-sound.wav in Resources */ = {isa = PBXBuildFile; fileRef = 7F036F742680CDB800A684C9 /* save-notes-bell-sound.wav */; };
		7F036F782680CE2400A684C9 /* SoundManager.swift in Sources */ = {isa = PBXBuildFile; fileRef = 7F036F772680CE2400A684C9 /* SoundManager.swift */; };
		7F036F7B2680D07100A684C9 /* create-notes-swoosh-sound.wav in Resources */ = {isa = PBXBuildFile; fileRef = 7F036F7A2680D07100A684C9 /* create-notes-swoosh-sound.wav */; };
		7F036F802680D2FB00A684C9 /* tap-toolbar-color-sound.wav in Resources */ = {isa = PBXBuildFile; fileRef = 7F036F7F2680D2FB00A684C9 /* tap-toolbar-color-sound.wav */; };
		7F0552052693054F00ED7A47 /* noted-icon.png in Resources */ = {isa = PBXBuildFile; fileRef = 7F0552042693054F00ED7A47 /* noted-icon.png */; };
		7F4A35F2269AF93500DF75E7 /* UITableView + Extensions.swift in Sources */ = {isa = PBXBuildFile; fileRef = 7F4A35F1269AF93500DF75E7 /* UITableView + Extensions.swift */; };
		7F793DB6267F37E100AAE31E /* Montserrat-Regular.ttf in Resources */ = {isa = PBXBuildFile; fileRef = 7F793DB2267F37E100AAE31E /* Montserrat-Regular.ttf */; };
		7F793DB7267F37E100AAE31E /* Montserrat-Bold.ttf in Resources */ = {isa = PBXBuildFile; fileRef = 7F793DB3267F37E100AAE31E /* Montserrat-Bold.ttf */; };
		7F793DB8267F37E100AAE31E /* Montserrat-Medium.ttf in Resources */ = {isa = PBXBuildFile; fileRef = 7F793DB4267F37E100AAE31E /* Montserrat-Medium.ttf */; };
		7F793DB9267F37E100AAE31E /* Montserrat-SemiBold.ttf in Resources */ = {isa = PBXBuildFile; fileRef = 7F793DB5267F37E100AAE31E /* Montserrat-SemiBold.ttf */; };
		7F7DFFEB27C06B970072DCEE /* CoreDataManager.swift in Sources */ = {isa = PBXBuildFile; fileRef = 7F7DFFEA27C06B970072DCEE /* CoreDataManager.swift */; };
		7F7DFFED27C06EAF0072DCEE /* HomeNotesPresenter.swift in Sources */ = {isa = PBXBuildFile; fileRef = 7F7DFFEC27C06EAF0072DCEE /* HomeNotesPresenter.swift */; };
		7F7DFFF127C07DAD0072DCEE /* CreateNotesPresenter.swift in Sources */ = {isa = PBXBuildFile; fileRef = 7F7DFFF027C07DAD0072DCEE /* CreateNotesPresenter.swift */; };
		7F8E4233267DD8910066B816 /* AppDelegate.swift in Sources */ = {isa = PBXBuildFile; fileRef = 7F8E4232267DD8910066B816 /* AppDelegate.swift */; };
		7F8E4235267DD8910066B816 /* SceneDelegate.swift in Sources */ = {isa = PBXBuildFile; fileRef = 7F8E4234267DD8910066B816 /* SceneDelegate.swift */; };
		7F8E4237267DD8910066B816 /* HomeNotesVC.swift in Sources */ = {isa = PBXBuildFile; fileRef = 7F8E4236267DD8910066B816 /* HomeNotesVC.swift */; };
		7F8E423A267DD8910066B816 /* Main.storyboard in Resources */ = {isa = PBXBuildFile; fileRef = 7F8E4238267DD8910066B816 /* Main.storyboard */; };
		7F8E423D267DD8910066B816 /* Noted.xcdatamodeld in Sources */ = {isa = PBXBuildFile; fileRef = 7F8E423B267DD8910066B816 /* Noted.xcdatamodeld */; };
		7F8E423F267DD8920066B816 /* Assets.xcassets in Resources */ = {isa = PBXBuildFile; fileRef = 7F8E423E267DD8920066B816 /* Assets.xcassets */; };
		7F8E4242267DD8920066B816 /* LaunchScreen.storyboard in Resources */ = {isa = PBXBuildFile; fileRef = 7F8E4240267DD8920066B816 /* LaunchScreen.storyboard */; };
		7F8E424C267DD9250066B816 /* Constants.swift in Sources */ = {isa = PBXBuildFile; fileRef = 7F8E424B267DD9250066B816 /* Constants.swift */; };
		7F8E4255267DDC680066B816 /* Note+CoreDataClass.swift in Sources */ = {isa = PBXBuildFile; fileRef = 7F8E4253267DDC680066B816 /* Note+CoreDataClass.swift */; };
		7F8E4256267DDC680066B816 /* Note+CoreDataProperties.swift in Sources */ = {isa = PBXBuildFile; fileRef = 7F8E4254267DDC680066B816 /* Note+CoreDataProperties.swift */; };
		7FA12F0F267DE325004A1A4A /* CreateNotesVC.swift in Sources */ = {isa = PBXBuildFile; fileRef = 7FA12F0E267DE325004A1A4A /* CreateNotesVC.swift */; };
		7FA12F12267DECD8004A1A4A /* NotesDetailsVC.swift in Sources */ = {isa = PBXBuildFile; fileRef = 7FA12F11267DECD8004A1A4A /* NotesDetailsVC.swift */; };
		7FA12F19267DF9CB004A1A4A /* CustomToolbar.swift in Sources */ = {isa = PBXBuildFile; fileRef = 7FA12F18267DF9CB004A1A4A /* CustomToolbar.swift */; };
		7FA12F1C267DF9E9004A1A4A /* CustomToolBar.xib in Resources */ = {isa = PBXBuildFile; fileRef = 7FA12F1B267DF9E9004A1A4A /* CustomToolBar.xib */; };
		7FD2399927BFC43100FFEE0D /* XIBName.swift in Sources */ = {isa = PBXBuildFile; fileRef = 7FD2399827BFC43100FFEE0D /* XIBName.swift */; };
		7FF85DD0267E171D00905755 /* CustomNotedCell.swift in Sources */ = {isa = PBXBuildFile; fileRef = 7FF85DCE267E171D00905755 /* CustomNotedCell.swift */; };
		7FF85DD1267E171D00905755 /* CustomNotedCell.xib in Resources */ = {isa = PBXBuildFile; fileRef = 7FF85DCF267E171D00905755 /* CustomNotedCell.xib */; };
		BE81D3D223D50B73DF014289 /* Pods_Noted.framework in Frameworks */ = {isa = PBXBuildFile; fileRef = 7329DF40D239C04D06BAA4B3 /* Pods_Noted.framework */; };
/* End PBXBuildFile section */

/* Begin PBXFileReference section */
		083D632F3BCEA3C1BC76FB88 /* Pods-Noted.debug.xcconfig */ = {isa = PBXFileReference; includeInIndex = 1; lastKnownFileType = text.xcconfig; name = "Pods-Noted.debug.xcconfig"; path = "Target Support Files/Pods-Noted/Pods-Noted.debug.xcconfig"; sourceTree = "<group>"; };
		7329DF40D239C04D06BAA4B3 /* Pods_Noted.framework */ = {isa = PBXFileReference; explicitFileType = wrapper.framework; includeInIndex = 0; path = Pods_Noted.framework; sourceTree = BUILT_PRODUCTS_DIR; };
		7F036F702680CCE400A684C9 /* delete-notes-swoosh-sound.wav */ = {isa = PBXFileReference; lastKnownFileType = audio.wav; path = "delete-notes-swoosh-sound.wav"; sourceTree = "<group>"; };
		7F036F742680CDB800A684C9 /* save-notes-bell-sound.wav */ = {isa = PBXFileReference; lastKnownFileType = audio.wav; path = "save-notes-bell-sound.wav"; sourceTree = "<group>"; };
		7F036F772680CE2400A684C9 /* SoundManager.swift */ = {isa = PBXFileReference; lastKnownFileType = sourcecode.swift; path = SoundManager.swift; sourceTree = "<group>"; };
		7F036F7A2680D07100A684C9 /* create-notes-swoosh-sound.wav */ = {isa = PBXFileReference; lastKnownFileType = audio.wav; path = "create-notes-swoosh-sound.wav"; sourceTree = "<group>"; };
		7F036F7F2680D2FB00A684C9 /* tap-toolbar-color-sound.wav */ = {isa = PBXFileReference; lastKnownFileType = audio.wav; path = "tap-toolbar-color-sound.wav"; sourceTree = "<group>"; };
		7F0552042693054F00ED7A47 /* noted-icon.png */ = {isa = PBXFileReference; lastKnownFileType = image.png; path = "noted-icon.png"; sourceTree = "<group>"; };
		7F2B6C0226824A3D00B69644 /* Noted.entitlements */ = {isa = PBXFileReference; lastKnownFileType = text.plist.entitlements; path = Noted.entitlements; sourceTree = "<group>"; };
		7F4A35F1269AF93500DF75E7 /* UITableView + Extensions.swift */ = {isa = PBXFileReference; lastKnownFileType = sourcecode.swift; path = "UITableView + Extensions.swift"; sourceTree = "<group>"; };
		7F793DB2267F37E100AAE31E /* Montserrat-Regular.ttf */ = {isa = PBXFileReference; lastKnownFileType = file; path = "Montserrat-Regular.ttf"; sourceTree = "<group>"; };
		7F793DB3267F37E100AAE31E /* Montserrat-Bold.ttf */ = {isa = PBXFileReference; lastKnownFileType = file; path = "Montserrat-Bold.ttf"; sourceTree = "<group>"; };
		7F793DB4267F37E100AAE31E /* Montserrat-Medium.ttf */ = {isa = PBXFileReference; lastKnownFileType = file; path = "Montserrat-Medium.ttf"; sourceTree = "<group>"; };
		7F793DB5267F37E100AAE31E /* Montserrat-SemiBold.ttf */ = {isa = PBXFileReference; lastKnownFileType = file; path = "Montserrat-SemiBold.ttf"; sourceTree = "<group>"; };
		7F7DFFEA27C06B970072DCEE /* CoreDataManager.swift */ = {isa = PBXFileReference; lastKnownFileType = sourcecode.swift; path = CoreDataManager.swift; sourceTree = "<group>"; };
		7F7DFFEC27C06EAF0072DCEE /* HomeNotesPresenter.swift */ = {isa = PBXFileReference; lastKnownFileType = sourcecode.swift; path = HomeNotesPresenter.swift; sourceTree = "<group>"; };
		7F7DFFF027C07DAD0072DCEE /* CreateNotesPresenter.swift */ = {isa = PBXFileReference; lastKnownFileType = sourcecode.swift; path = CreateNotesPresenter.swift; sourceTree = "<group>"; };
		7F8E422F267DD8910066B816 /* Noted.app */ = {isa = PBXFileReference; explicitFileType = wrapper.application; includeInIndex = 0; path = Noted.app; sourceTree = BUILT_PRODUCTS_DIR; };
		7F8E4232267DD8910066B816 /* AppDelegate.swift */ = {isa = PBXFileReference; lastKnownFileType = sourcecode.swift; path = AppDelegate.swift; sourceTree = "<group>"; };
		7F8E4234267DD8910066B816 /* SceneDelegate.swift */ = {isa = PBXFileReference; lastKnownFileType = sourcecode.swift; path = SceneDelegate.swift; sourceTree = "<group>"; };
		7F8E4236267DD8910066B816 /* HomeNotesVC.swift */ = {isa = PBXFileReference; lastKnownFileType = sourcecode.swift; path = HomeNotesVC.swift; sourceTree = "<group>"; };
		7F8E4239267DD8910066B816 /* Base */ = {isa = PBXFileReference; lastKnownFileType = file.storyboard; name = Base; path = Base.lproj/Main.storyboard; sourceTree = "<group>"; };
		7F8E423C267DD8910066B816 /* Noted.xcdatamodel */ = {isa = PBXFileReference; lastKnownFileType = wrapper.xcdatamodel; path = Noted.xcdatamodel; sourceTree = "<group>"; };
		7F8E423E267DD8920066B816 /* Assets.xcassets */ = {isa = PBXFileReference; lastKnownFileType = folder.assetcatalog; path = Assets.xcassets; sourceTree = "<group>"; };
		7F8E4241267DD8920066B816 /* Base */ = {isa = PBXFileReference; lastKnownFileType = file.storyboard; name = Base; path = Base.lproj/LaunchScreen.storyboard; sourceTree = "<group>"; };
		7F8E4243267DD8920066B816 /* Info.plist */ = {isa = PBXFileReference; lastKnownFileType = text.plist.xml; path = Info.plist; sourceTree = "<group>"; };
		7F8E424B267DD9250066B816 /* Constants.swift */ = {isa = PBXFileReference; lastKnownFileType = sourcecode.swift; path = Constants.swift; sourceTree = "<group>"; };
		7F8E4253267DDC680066B816 /* Note+CoreDataClass.swift */ = {isa = PBXFileReference; lastKnownFileType = sourcecode.swift; path = "Note+CoreDataClass.swift"; sourceTree = "<group>"; };
		7F8E4254267DDC680066B816 /* Note+CoreDataProperties.swift */ = {isa = PBXFileReference; lastKnownFileType = sourcecode.swift; path = "Note+CoreDataProperties.swift"; sourceTree = "<group>"; };
		7FA12F0E267DE325004A1A4A /* CreateNotesVC.swift */ = {isa = PBXFileReference; lastKnownFileType = sourcecode.swift; path = CreateNotesVC.swift; sourceTree = "<group>"; };
		7FA12F11267DECD8004A1A4A /* NotesDetailsVC.swift */ = {isa = PBXFileReference; lastKnownFileType = sourcecode.swift; path = NotesDetailsVC.swift; sourceTree = "<group>"; };
		7FA12F18267DF9CB004A1A4A /* CustomToolbar.swift */ = {isa = PBXFileReference; lastKnownFileType = sourcecode.swift; path = CustomToolbar.swift; sourceTree = "<group>"; };
		7FA12F1B267DF9E9004A1A4A /* CustomToolBar.xib */ = {isa = PBXFileReference; lastKnownFileType = file.xib; path = CustomToolBar.xib; sourceTree = "<group>"; };
		7FD2399827BFC43100FFEE0D /* XIBName.swift */ = {isa = PBXFileReference; lastKnownFileType = sourcecode.swift; path = XIBName.swift; sourceTree = "<group>"; };
		7FF85DCE267E171D00905755 /* CustomNotedCell.swift */ = {isa = PBXFileReference; lastKnownFileType = sourcecode.swift; path = CustomNotedCell.swift; sourceTree = "<group>"; };
		7FF85DCF267E171D00905755 /* CustomNotedCell.xib */ = {isa = PBXFileReference; lastKnownFileType = file.xib; path = CustomNotedCell.xib; sourceTree = "<group>"; };
		ED909F6D01C22311C201A3DC /* Pods-Noted.release.xcconfig */ = {isa = PBXFileReference; includeInIndex = 1; lastKnownFileType = text.xcconfig; name = "Pods-Noted.release.xcconfig"; path = "Target Support Files/Pods-Noted/Pods-Noted.release.xcconfig"; sourceTree = "<group>"; };
/* End PBXFileReference section */

/* Begin PBXFrameworksBuildPhase section */
		7F8E422C267DD8910066B816 /* Frameworks */ = {
			isa = PBXFrameworksBuildPhase;
			buildActionMask = 2147483647;
			files = (
				BE81D3D223D50B73DF014289 /* Pods_Noted.framework in Frameworks */,
			);
			runOnlyForDeploymentPostprocessing = 0;
		};
/* End PBXFrameworksBuildPhase section */

/* Begin PBXGroup section */
		0619B814F007081BDB31CCDF /* Frameworks */ = {
			isa = PBXGroup;
			children = (
				7329DF40D239C04D06BAA4B3 /* Pods_Noted.framework */,
			);
			name = Frameworks;
			sourceTree = "<group>";
		};
		6D4AE6D3C83D4BD0E0E39E32 /* Pods */ = {
			isa = PBXGroup;
			children = (
				083D632F3BCEA3C1BC76FB88 /* Pods-Noted.debug.xcconfig */,
				ED909F6D01C22311C201A3DC /* Pods-Noted.release.xcconfig */,
			);
			path = Pods;
			sourceTree = "<group>";
		};
		7F036F732680CD1900A684C9 /* Sounds */ = {
			isa = PBXGroup;
			children = (
				7F036F7A2680D07100A684C9 /* create-notes-swoosh-sound.wav */,
				7F036F702680CCE400A684C9 /* delete-notes-swoosh-sound.wav */,
				7F036F742680CDB800A684C9 /* save-notes-bell-sound.wav */,
				7F036F7F2680D2FB00A684C9 /* tap-toolbar-color-sound.wav */,
			);
			path = Sounds;
			sourceTree = "<group>";
		};
		7F2B61642684C0AA00DEB11F /* Toolbar */ = {
			isa = PBXGroup;
			children = (
				7FA12F18267DF9CB004A1A4A /* CustomToolbar.swift */,
				7FA12F1B267DF9E9004A1A4A /* CustomToolBar.xib */,
			);
			path = Toolbar;
			sourceTree = "<group>";
		};
		7F2B61662684C0C100DEB11F /* CustomTableViewCell */ = {
			isa = PBXGroup;
			children = (
				7FF85DCE267E171D00905755 /* CustomNotedCell.swift */,
				7FF85DCF267E171D00905755 /* CustomNotedCell.xib */,
			);
			path = CustomTableViewCell;
			sourceTree = "<group>";
		};
		7F793DBB267F37F100AAE31E /* Fonts */ = {
			isa = PBXGroup;
			children = (
				7F793DB3267F37E100AAE31E /* Montserrat-Bold.ttf */,
				7F793DB4267F37E100AAE31E /* Montserrat-Medium.ttf */,
				7F793DB2267F37E100AAE31E /* Montserrat-Regular.ttf */,
				7F793DB5267F37E100AAE31E /* Montserrat-SemiBold.ttf */,
			);
			path = Fonts;
			sourceTree = "<group>";
		};
		7F7DFFEE27C0780C0072DCEE /* Manager */ = {
			isa = PBXGroup;
			children = (
				7F7DFFEA27C06B970072DCEE /* CoreDataManager.swift */,
			);
			path = Manager;
			sourceTree = "<group>";
		};
		7F7DFFEF27C078250072DCEE /* Home */ = {
			isa = PBXGroup;
			children = (
				7F8E4236267DD8910066B816 /* HomeNotesVC.swift */,
				7F7DFFEC27C06EAF0072DCEE /* HomeNotesPresenter.swift */,
				7FA12F0E267DE325004A1A4A /* CreateNotesVC.swift */,
				7F7DFFF027C07DAD0072DCEE /* CreateNotesPresenter.swift */,
				7FA12F11267DECD8004A1A4A /* NotesDetailsVC.swift */,
			);
			path = Home;
			sourceTree = "<group>";
		};
		7F8E4226267DD8910066B816 = {
			isa = PBXGroup;
			children = (
				7F8E4231267DD8910066B816 /* Noted */,
				7F8E4230267DD8910066B816 /* Products */,
				6D4AE6D3C83D4BD0E0E39E32 /* Pods */,
				0619B814F007081BDB31CCDF /* Frameworks */,
			);
			sourceTree = "<group>";
		};
		7F8E4230267DD8910066B816 /* Products */ = {
			isa = PBXGroup;
			children = (
				7F8E422F267DD8910066B816 /* Noted.app */,
			);
			name = Products;
			sourceTree = "<group>";
		};
		7F8E4231267DD8910066B816 /* Noted */ = {
			isa = PBXGroup;
			children = (
				7F8E4232267DD8910066B816 /* AppDelegate.swift */,
				7F8E4234267DD8910066B816 /* SceneDelegate.swift */,
				7F8E424B267DD9250066B816 /* Constants.swift */,
				7F2B6C0226824A3D00B69644 /* Noted.entitlements */,
				7FD2399627BFC38400FFEE0D /* Extensions */,
				7F8E4257267DDC710066B816 /* Model */,
				7FA12F0A267DE1E0004A1A4A /* Module */,
				7FD2399C27BFC63A00FFEE0D /* Scene */,
				7FA12F0C267DE1E6004A1A4A /* View */,
				7FD2399A27BFC52400FFEE0D /* Shared */,
				7FD2399727BFC40A00FFEE0D /* Utilities */,
				7F8E423E267DD8920066B816 /* Assets.xcassets */,
				7F8E4243267DD8920066B816 /* Info.plist */,
				7F0552042693054F00ED7A47 /* noted-icon.png */,
			);
			path = Noted;
			sourceTree = "<group>";
		};
		7F8E4257267DDC710066B816 /* Model */ = {
			isa = PBXGroup;
			children = (
				7FD2399527BFC35D00FFEE0D /* Core Data */,
			);
			path = Model;
			sourceTree = "<group>";
		};
		7FA12F0A267DE1E0004A1A4A /* Module */ = {
			isa = PBXGroup;
			children = (
				7F7DFFEF27C078250072DCEE /* Home */,
			);
			path = Module;
			sourceTree = "<group>";
		};
		7FA12F0C267DE1E6004A1A4A /* View */ = {
			isa = PBXGroup;
			children = (
				7F2B61642684C0AA00DEB11F /* Toolbar */,
				7F2B61662684C0C100DEB11F /* CustomTableViewCell */,
			);
			path = View;
			sourceTree = "<group>";
		};
		7FD2399527BFC35D00FFEE0D /* Core Data */ = {
			isa = PBXGroup;
			children = (
				7F7DFFEE27C0780C0072DCEE /* Manager */,
				7F8E4254267DDC680066B816 /* Note+CoreDataProperties.swift */,
				7F8E4253267DDC680066B816 /* Note+CoreDataClass.swift */,
				7F8E423B267DD8910066B816 /* Noted.xcdatamodeld */,
			);
			path = "Core Data";
			sourceTree = "<group>";
		};
		7FD2399627BFC38400FFEE0D /* Extensions */ = {
			isa = PBXGroup;
			children = (
				7F4A35F1269AF93500DF75E7 /* UITableView + Extensions.swift */,
			);
			path = Extensions;
			sourceTree = "<group>";
		};
		7FD2399727BFC40A00FFEE0D /* Utilities */ = {
			isa = PBXGroup;
			children = (
				7FD2399827BFC43100FFEE0D /* XIBName.swift */,
			);
			path = Utilities;
			sourceTree = "<group>";
		};
		7FD2399A27BFC52400FFEE0D /* Shared */ = {
			isa = PBXGroup;
			children = (
				7F793DBB267F37F100AAE31E /* Fonts */,
				7FD2399B27BFC52B00FFEE0D /* SoundManager */,
			);
			path = Shared;
			sourceTree = "<group>";
		};
		7FD2399B27BFC52B00FFEE0D /* SoundManager */ = {
			isa = PBXGroup;
			children = (
				7F036F772680CE2400A684C9 /* SoundManager.swift */,
				7F036F732680CD1900A684C9 /* Sounds */,
			);
			path = SoundManager;
			sourceTree = "<group>";
		};
		7FD2399C27BFC63A00FFEE0D /* Scene */ = {
			isa = PBXGroup;
			children = (
				7F8E4238267DD8910066B816 /* Main.storyboard */,
				7F8E4240267DD8920066B816 /* LaunchScreen.storyboard */,
			);
			path = Scene;
			sourceTree = "<group>";
		};
/* End PBXGroup section */

/* Begin PBXNativeTarget section */
		7F8E422E267DD8910066B816 /* Noted */ = {
			isa = PBXNativeTarget;
			buildConfigurationList = 7F8E4246267DD8920066B816 /* Build configuration list for PBXNativeTarget "Noted" */;
			buildPhases = (
				6CBE8ABB5C28A3E9957AF168 /* [CP] Check Pods Manifest.lock */,
				7F8E422B267DD8910066B816 /* Sources */,
				7F8E422C267DD8910066B816 /* Frameworks */,
				7F8E422D267DD8910066B816 /* Resources */,
				7FF85DCC267E0C0A00905755 /* SwiftLint */,
				6AEED33E3D30F07E03B57909 /* [CP] Embed Pods Frameworks */,
			);
			buildRules = (
			);
			dependencies = (
			);
			name = Noted;
			productName = Noted;
			productReference = 7F8E422F267DD8910066B816 /* Noted.app */;
			productType = "com.apple.product-type.application";
		};
/* End PBXNativeTarget section */

/* Begin PBXProject section */
		7F8E4227267DD8910066B816 /* Project object */ = {
			isa = PBXProject;
			attributes = {
				LastSwiftUpdateCheck = 1240;
				LastUpgradeCheck = 1240;
				TargetAttributes = {
					7F8E422E267DD8910066B816 = {
						CreatedOnToolsVersion = 12.4;
					};
				};
			};
			buildConfigurationList = 7F8E422A267DD8910066B816 /* Build configuration list for PBXProject "Noted" */;
			compatibilityVersion = "Xcode 9.3";
			developmentRegion = en;
			hasScannedForEncodings = 0;
			knownRegions = (
				en,
				Base,
			);
			mainGroup = 7F8E4226267DD8910066B816;
			productRefGroup = 7F8E4230267DD8910066B816 /* Products */;
			projectDirPath = "";
			projectRoot = "";
			targets = (
				7F8E422E267DD8910066B816 /* Noted */,
			);
		};
/* End PBXProject section */

/* Begin PBXResourcesBuildPhase section */
		7F8E422D267DD8910066B816 /* Resources */ = {
			isa = PBXResourcesBuildPhase;
			buildActionMask = 2147483647;
			files = (
				7F793DB6267F37E100AAE31E /* Montserrat-Regular.ttf in Resources */,
				7FA12F1C267DF9E9004A1A4A /* CustomToolBar.xib in Resources */,
				7F036F7B2680D07100A684C9 /* create-notes-swoosh-sound.wav in Resources */,
				7F0552052693054F00ED7A47 /* noted-icon.png in Resources */,
				7FF85DD1267E171D00905755 /* CustomNotedCell.xib in Resources */,
				7F8E4242267DD8920066B816 /* LaunchScreen.storyboard in Resources */,
				7F8E423F267DD8920066B816 /* Assets.xcassets in Resources */,
				7F036F802680D2FB00A684C9 /* tap-toolbar-color-sound.wav in Resources */,
				7F8E423A267DD8910066B816 /* Main.storyboard in Resources */,
				7F036F712680CCE400A684C9 /* delete-notes-swoosh-sound.wav in Resources */,
				7F793DB9267F37E100AAE31E /* Montserrat-SemiBold.ttf in Resources */,
				7F793DB8267F37E100AAE31E /* Montserrat-Medium.ttf in Resources */,
				7F793DB7267F37E100AAE31E /* Montserrat-Bold.ttf in Resources */,
				7F036F752680CDB800A684C9 /* save-notes-bell-sound.wav in Resources */,
			);
			runOnlyForDeploymentPostprocessing = 0;
		};
/* End PBXResourcesBuildPhase section */

/* Begin PBXShellScriptBuildPhase section */
		6AEED33E3D30F07E03B57909 /* [CP] Embed Pods Frameworks */ = {
			isa = PBXShellScriptBuildPhase;
			buildActionMask = 2147483647;
			files = (
			);
			inputFileListPaths = (
				"${PODS_ROOT}/Target Support Files/Pods-Noted/Pods-Noted-frameworks-${CONFIGURATION}-input-files.xcfilelist",
			);
			name = "[CP] Embed Pods Frameworks";
			outputFileListPaths = (
				"${PODS_ROOT}/Target Support Files/Pods-Noted/Pods-Noted-frameworks-${CONFIGURATION}-output-files.xcfilelist",
			);
			runOnlyForDeploymentPostprocessing = 0;
			shellPath = /bin/sh;
			shellScript = "\"${PODS_ROOT}/Target Support Files/Pods-Noted/Pods-Noted-frameworks.sh\"\n";
			showEnvVarsInLog = 0;
		};
		6CBE8ABB5C28A3E9957AF168 /* [CP] Check Pods Manifest.lock */ = {
			isa = PBXShellScriptBuildPhase;
			buildActionMask = 2147483647;
			files = (
			);
			inputFileListPaths = (
			);
			inputPaths = (
				"${PODS_PODFILE_DIR_PATH}/Podfile.lock",
				"${PODS_ROOT}/Manifest.lock",
			);
			name = "[CP] Check Pods Manifest.lock";
			outputFileListPaths = (
			);
			outputPaths = (
				"$(DERIVED_FILE_DIR)/Pods-Noted-checkManifestLockResult.txt",
			);
			runOnlyForDeploymentPostprocessing = 0;
			shellPath = /bin/sh;
			shellScript = "diff \"${PODS_PODFILE_DIR_PATH}/Podfile.lock\" \"${PODS_ROOT}/Manifest.lock\" > /dev/null\nif [ $? != 0 ] ; then\n    # print error to STDERR\n    echo \"error: The sandbox is not in sync with the Podfile.lock. Run 'pod install' or update your CocoaPods installation.\" >&2\n    exit 1\nfi\n# This output is used by Xcode 'outputs' to avoid re-running this script phase.\necho \"SUCCESS\" > \"${SCRIPT_OUTPUT_FILE_0}\"\n";
			showEnvVarsInLog = 0;
		};
		7FF85DCC267E0C0A00905755 /* SwiftLint */ = {
			isa = PBXShellScriptBuildPhase;
			buildActionMask = 2147483647;
			files = (
			);
			inputFileListPaths = (
			);
			inputPaths = (
			);
			name = SwiftLint;
			outputFileListPaths = (
			);
			outputPaths = (
			);
			runOnlyForDeploymentPostprocessing = 0;
			shellPath = /bin/sh;
			shellScript = "if which swiftlint >/dev/null; then\n  swiftlint\nelse\n  echo \"warning: SwiftLint not installed, download from https://github.com/realm/SwiftLint\"\nfi\n";
		};
/* End PBXShellScriptBuildPhase section */

/* Begin PBXSourcesBuildPhase section */
		7F8E422B267DD8910066B816 /* Sources */ = {
			isa = PBXSourcesBuildPhase;
			buildActionMask = 2147483647;
			files = (
				7F8E424C267DD9250066B816 /* Constants.swift in Sources */,
				7F8E4256267DDC680066B816 /* Note+CoreDataProperties.swift in Sources */,
				7FA12F19267DF9CB004A1A4A /* CustomToolbar.swift in Sources */,
				7F7DFFEB27C06B970072DCEE /* CoreDataManager.swift in Sources */,
				7FD2399927BFC43100FFEE0D /* XIBName.swift in Sources */,
				7FA12F12267DECD8004A1A4A /* NotesDetailsVC.swift in Sources */,
				7FA12F0F267DE325004A1A4A /* CreateNotesVC.swift in Sources */,
				7F036F782680CE2400A684C9 /* SoundManager.swift in Sources */,
				7F8E423D267DD8910066B816 /* Noted.xcdatamodeld in Sources */,
				7F8E4237267DD8910066B816 /* HomeNotesVC.swift in Sources */,
				7F8E4255267DDC680066B816 /* Note+CoreDataClass.swift in Sources */,
				7F8E4233267DD8910066B816 /* AppDelegate.swift in Sources */,
				7FF85DD0267E171D00905755 /* CustomNotedCell.swift in Sources */,
				7F7DFFED27C06EAF0072DCEE /* HomeNotesPresenter.swift in Sources */,
				7F7DFFF127C07DAD0072DCEE /* CreateNotesPresenter.swift in Sources */,
				7F8E4235267DD8910066B816 /* SceneDelegate.swift in Sources */,
				7F4A35F2269AF93500DF75E7 /* UITableView + Extensions.swift in Sources */,
			);
			runOnlyForDeploymentPostprocessing = 0;
		};
/* End PBXSourcesBuildPhase section */

/* Begin PBXVariantGroup section */
		7F8E4238267DD8910066B816 /* Main.storyboard */ = {
			isa = PBXVariantGroup;
			children = (
				7F8E4239267DD8910066B816 /* Base */,
			);
			name = Main.storyboard;
			sourceTree = "<group>";
		};
		7F8E4240267DD8920066B816 /* LaunchScreen.storyboard */ = {
			isa = PBXVariantGroup;
			children = (
				7F8E4241267DD8920066B816 /* Base */,
			);
			name = LaunchScreen.storyboard;
			sourceTree = "<group>";
		};
/* End PBXVariantGroup section */

/* Begin XCBuildConfiguration section */
		7F8E4244267DD8920066B816 /* Debug */ = {
			isa = XCBuildConfiguration;
			buildSettings = {
				ALWAYS_SEARCH_USER_PATHS = NO;
				CLANG_ANALYZER_NONNULL = YES;
				CLANG_ANALYZER_NUMBER_OBJECT_CONVERSION = YES_AGGRESSIVE;
				CLANG_CXX_LANGUAGE_STANDARD = "gnu++14";
				CLANG_CXX_LIBRARY = "libc++";
				CLANG_ENABLE_MODULES = YES;
				CLANG_ENABLE_OBJC_ARC = YES;
				CLANG_ENABLE_OBJC_WEAK = YES;
				CLANG_WARN_BLOCK_CAPTURE_AUTORELEASING = YES;
				CLANG_WARN_BOOL_CONVERSION = YES;
				CLANG_WARN_COMMA = YES;
				CLANG_WARN_CONSTANT_CONVERSION = YES;
				CLANG_WARN_DEPRECATED_OBJC_IMPLEMENTATIONS = YES;
				CLANG_WARN_DIRECT_OBJC_ISA_USAGE = YES_ERROR;
				CLANG_WARN_DOCUMENTATION_COMMENTS = YES;
				CLANG_WARN_EMPTY_BODY = YES;
				CLANG_WARN_ENUM_CONVERSION = YES;
				CLANG_WARN_INFINITE_RECURSION = YES;
				CLANG_WARN_INT_CONVERSION = YES;
				CLANG_WARN_NON_LITERAL_NULL_CONVERSION = YES;
				CLANG_WARN_OBJC_IMPLICIT_RETAIN_SELF = YES;
				CLANG_WARN_OBJC_LITERAL_CONVERSION = YES;
				CLANG_WARN_OBJC_ROOT_CLASS = YES_ERROR;
				CLANG_WARN_QUOTED_INCLUDE_IN_FRAMEWORK_HEADER = YES;
				CLANG_WARN_RANGE_LOOP_ANALYSIS = YES;
				CLANG_WARN_STRICT_PROTOTYPES = YES;
				CLANG_WARN_SUSPICIOUS_MOVE = YES;
				CLANG_WARN_UNGUARDED_AVAILABILITY = YES_AGGRESSIVE;
				CLANG_WARN_UNREACHABLE_CODE = YES;
				CLANG_WARN__DUPLICATE_METHOD_MATCH = YES;
				COPY_PHASE_STRIP = NO;
				DEBUG_INFORMATION_FORMAT = dwarf;
				ENABLE_STRICT_OBJC_MSGSEND = YES;
				ENABLE_TESTABILITY = YES;
				GCC_C_LANGUAGE_STANDARD = gnu11;
				GCC_DYNAMIC_NO_PIC = NO;
				GCC_NO_COMMON_BLOCKS = YES;
				GCC_OPTIMIZATION_LEVEL = 0;
				GCC_PREPROCESSOR_DEFINITIONS = (
					"DEBUG=1",
					"$(inherited)",
				);
				GCC_WARN_64_TO_32_BIT_CONVERSION = YES;
				GCC_WARN_ABOUT_RETURN_TYPE = YES_ERROR;
				GCC_WARN_UNDECLARED_SELECTOR = YES;
				GCC_WARN_UNINITIALIZED_AUTOS = YES_AGGRESSIVE;
				GCC_WARN_UNUSED_FUNCTION = YES;
				GCC_WARN_UNUSED_VARIABLE = YES;
				IPHONEOS_DEPLOYMENT_TARGET = 13.0;
				MTL_ENABLE_DEBUG_INFO = INCLUDE_SOURCE;
				MTL_FAST_MATH = YES;
				ONLY_ACTIVE_ARCH = YES;
				SDKROOT = iphoneos;
				SWIFT_ACTIVE_COMPILATION_CONDITIONS = DEBUG;
				SWIFT_OPTIMIZATION_LEVEL = "-Onone";
			};
			name = Debug;
		};
		7F8E4245267DD8920066B816 /* Release */ = {
			isa = XCBuildConfiguration;
			buildSettings = {
				ALWAYS_SEARCH_USER_PATHS = NO;
				CLANG_ANALYZER_NONNULL = YES;
				CLANG_ANALYZER_NUMBER_OBJECT_CONVERSION = YES_AGGRESSIVE;
				CLANG_CXX_LANGUAGE_STANDARD = "gnu++14";
				CLANG_CXX_LIBRARY = "libc++";
				CLANG_ENABLE_MODULES = YES;
				CLANG_ENABLE_OBJC_ARC = YES;
				CLANG_ENABLE_OBJC_WEAK = YES;
				CLANG_WARN_BLOCK_CAPTURE_AUTORELEASING = YES;
				CLANG_WARN_BOOL_CONVERSION = YES;
				CLANG_WARN_COMMA = YES;
				CLANG_WARN_CONSTANT_CONVERSION = YES;
				CLANG_WARN_DEPRECATED_OBJC_IMPLEMENTATIONS = YES;
				CLANG_WARN_DIRECT_OBJC_ISA_USAGE = YES_ERROR;
				CLANG_WARN_DOCUMENTATION_COMMENTS = YES;
				CLANG_WARN_EMPTY_BODY = YES;
				CLANG_WARN_ENUM_CONVERSION = YES;
				CLANG_WARN_INFINITE_RECURSION = YES;
				CLANG_WARN_INT_CONVERSION = YES;
				CLANG_WARN_NON_LITERAL_NULL_CONVERSION = YES;
				CLANG_WARN_OBJC_IMPLICIT_RETAIN_SELF = YES;
				CLANG_WARN_OBJC_LITERAL_CONVERSION = YES;
				CLANG_WARN_OBJC_ROOT_CLASS = YES_ERROR;
				CLANG_WARN_QUOTED_INCLUDE_IN_FRAMEWORK_HEADER = YES;
				CLANG_WARN_RANGE_LOOP_ANALYSIS = YES;
				CLANG_WARN_STRICT_PROTOTYPES = YES;
				CLANG_WARN_SUSPICIOUS_MOVE = YES;
				CLANG_WARN_UNGUARDED_AVAILABILITY = YES_AGGRESSIVE;
				CLANG_WARN_UNREACHABLE_CODE = YES;
				CLANG_WARN__DUPLICATE_METHOD_MATCH = YES;
				COPY_PHASE_STRIP = NO;
				DEBUG_INFORMATION_FORMAT = "dwarf-with-dsym";
				ENABLE_NS_ASSERTIONS = NO;
				ENABLE_STRICT_OBJC_MSGSEND = YES;
				GCC_C_LANGUAGE_STANDARD = gnu11;
				GCC_NO_COMMON_BLOCKS = YES;
				GCC_WARN_64_TO_32_BIT_CONVERSION = YES;
				GCC_WARN_ABOUT_RETURN_TYPE = YES_ERROR;
				GCC_WARN_UNDECLARED_SELECTOR = YES;
				GCC_WARN_UNINITIALIZED_AUTOS = YES_AGGRESSIVE;
				GCC_WARN_UNUSED_FUNCTION = YES;
				GCC_WARN_UNUSED_VARIABLE = YES;
				IPHONEOS_DEPLOYMENT_TARGET = 13.0;
				MTL_ENABLE_DEBUG_INFO = NO;
				MTL_FAST_MATH = YES;
				SDKROOT = iphoneos;
				SWIFT_COMPILATION_MODE = wholemodule;
				SWIFT_OPTIMIZATION_LEVEL = "-O";
				VALIDATE_PRODUCT = YES;
			};
			name = Release;
		};
		7F8E4247267DD8920066B816 /* Debug */ = {
			isa = XCBuildConfiguration;
			baseConfigurationReference = 083D632F3BCEA3C1BC76FB88 /* Pods-Noted.debug.xcconfig */;
			buildSettings = {
				ASSETCATALOG_COMPILER_APPICON_NAME = AppIcon;
				ASSETCATALOG_COMPILER_GLOBAL_ACCENT_COLOR_NAME = AccentColor;
				CODE_SIGN_ENTITLEMENTS = Noted/Noted.entitlements;
				CODE_SIGN_STYLE = Automatic;
				CURRENT_PROJECT_VERSION = 1;
				DEVELOPMENT_TEAM = CX2G82J2TK;
				INFOPLIST_FILE = Noted/Info.plist;
				IPHONEOS_DEPLOYMENT_TARGET = 13.0;
				LD_RUNPATH_SEARCH_PATHS = (
					"$(inherited)",
					"@executable_path/Frameworks",
				);
				MARKETING_VERSION = 1.0.1;
				PRODUCT_BUNDLE_IDENTIFIER = com.esikmalazman.Noted;
				PRODUCT_NAME = "$(TARGET_NAME)";
				SUPPORTS_MACCATALYST = NO;
				SWIFT_VERSION = 5.0;
				TARGETED_DEVICE_FAMILY = "1,2";
			};
			name = Debug;
		};
		7F8E4248267DD8920066B816 /* Release */ = {
			isa = XCBuildConfiguration;
			baseConfigurationReference = ED909F6D01C22311C201A3DC /* Pods-Noted.release.xcconfig */;
			buildSettings = {
				ASSETCATALOG_COMPILER_APPICON_NAME = AppIcon;
				ASSETCATALOG_COMPILER_GLOBAL_ACCENT_COLOR_NAME = AccentColor;
				CODE_SIGN_ENTITLEMENTS = Noted/Noted.entitlements;
				CODE_SIGN_STYLE = Automatic;
				CURRENT_PROJECT_VERSION = 1;
				DEVELOPMENT_TEAM = CX2G82J2TK;
				INFOPLIST_FILE = Noted/Info.plist;
				IPHONEOS_DEPLOYMENT_TARGET = 13.0;
				LD_RUNPATH_SEARCH_PATHS = (
					"$(inherited)",
					"@executable_path/Frameworks",
				);
				MARKETING_VERSION = 1.0.1;
				PRODUCT_BUNDLE_IDENTIFIER = com.esikmalazman.Noted;
				PRODUCT_NAME = "$(TARGET_NAME)";
				SUPPORTS_MACCATALYST = NO;
				SWIFT_VERSION = 5.0;
				TARGETED_DEVICE_FAMILY = "1,2";
			};
			name = Release;
		};
/* End XCBuildConfiguration section */

/* Begin XCConfigurationList section */
		7F8E422A267DD8910066B816 /* Build configuration list for PBXProject "Noted" */ = {
			isa = XCConfigurationList;
			buildConfigurations = (
				7F8E4244267DD8920066B816 /* Debug */,
				7F8E4245267DD8920066B816 /* Release */,
			);
			defaultConfigurationIsVisible = 0;
			defaultConfigurationName = Release;
		};
		7F8E4246267DD8920066B816 /* Build configuration list for PBXNativeTarget "Noted" */ = {
			isa = XCConfigurationList;
			buildConfigurations = (
				7F8E4247267DD8920066B816 /* Debug */,
				7F8E4248267DD8920066B816 /* Release */,
			);
			defaultConfigurationIsVisible = 0;
			defaultConfigurationName = Release;
		};
/* End XCConfigurationList section */

/* Begin XCVersionGroup section */
		7F8E423B267DD8910066B816 /* Noted.xcdatamodeld */ = {
			isa = XCVersionGroup;
			children = (
				7F8E423C267DD8910066B816 /* Noted.xcdatamodel */,
			);
			currentVersion = 7F8E423C267DD8910066B816 /* Noted.xcdatamodel */;
			path = Noted.xcdatamodeld;
			sourceTree = "<group>";
			versionGroupType = wrapper.xcdatamodel;
		};
/* End XCVersionGroup section */
	};
	rootObject = 7F8E4227267DD8910066B816 /* Project object */;
}
