// !$*UTF8*$!
{
	archiveVersion = 1;
	classes = {
	};
	objectVersion = 50;
	objects = {

/* Begin PBXBuildFile section */
		7F8E4233267DD8910066B816 /* AppDelegate.swift in Sources */ = {isa = PBXBuildFile; fileRef = 7F8E4232267DD8910066B816 /* AppDelegate.swift */; };
		7F8E4235267DD8910066B816 /* SceneDelegate.swift in Sources */ = {isa = PBXBuildFile; fileRef = 7F8E4234267DD8910066B816 /* SceneDelegate.swift */; };
		7F8E4237267DD8910066B816 /* BaseVC.swift in Sources */ = {isa = PBXBuildFile; fileRef = 7F8E4236267DD8910066B816 /* BaseVC.swift */; };
		7F8E423A267DD8910066B816 /* Main.storyboard in Resources */ = {isa = PBXBuildFile; fileRef = 7F8E4238267DD8910066B816 /* Main.storyboard */; };
		7F8E423D267DD8910066B816 /* Noted.xcdatamodeld in Sources */ = {isa = PBXBuildFile; fileRef = 7F8E423B267DD8910066B816 /* Noted.xcdatamodeld */; };
		7F8E423F267DD8920066B816 /* Assets.xcassets in Resources */ = {isa = PBXBuildFile; fileRef = 7F8E423E267DD8920066B816 /* Assets.xcassets */; };
		7F8E4242267DD8920066B816 /* LaunchScreen.storyboard in Resources */ = {isa = PBXBuildFile; fileRef = 7F8E4240267DD8920066B816 /* LaunchScreen.storyboard */; };
		7F8E424C267DD9250066B816 /* Constants.swift in Sources */ = {isa = PBXBuildFile; fileRef = 7F8E424B267DD9250066B816 /* Constants.swift */; };
		7F8E4255267DDC680066B816 /* Note+CoreDataClass.swift in Sources */ = {isa = PBXBuildFile; fileRef = 7F8E4253267DDC680066B816 /* Note+CoreDataClass.swift */; };
		7F8E4256267DDC680066B816 /* Note+CoreDataProperties.swift in Sources */ = {isa = PBXBuildFile; fileRef = 7F8E4254267DDC680066B816 /* Note+CoreDataProperties.swift */; };
		7FA12F0F267DE325004A1A4A /* NotesVC.swift in Sources */ = {isa = PBXBuildFile; fileRef = 7FA12F0E267DE325004A1A4A /* NotesVC.swift */; };
		7FA12F12267DECD8004A1A4A /* ViewNotesVC.swift in Sources */ = {isa = PBXBuildFile; fileRef = 7FA12F11267DECD8004A1A4A /* ViewNotesVC.swift */; };
/* End PBXBuildFile section */

/* Begin PBXFileReference section */
		7F8E422F267DD8910066B816 /* Noted.app */ = {isa = PBXFileReference; explicitFileType = wrapper.application; includeInIndex = 0; path = Noted.app; sourceTree = BUILT_PRODUCTS_DIR; };
		7F8E4232267DD8910066B816 /* AppDelegate.swift */ = {isa = PBXFileReference; lastKnownFileType = sourcecode.swift; path = AppDelegate.swift; sourceTree = "<group>"; };
		7F8E4234267DD8910066B816 /* SceneDelegate.swift */ = {isa = PBXFileReference; lastKnownFileType = sourcecode.swift; path = SceneDelegate.swift; sourceTree = "<group>"; };
		7F8E4236267DD8910066B816 /* BaseVC.swift */ = {isa = PBXFileReference; lastKnownFileType = sourcecode.swift; path = BaseVC.swift; sourceTree = "<group>"; };
		7F8E4239267DD8910066B816 /* Base */ = {isa = PBXFileReference; lastKnownFileType = file.storyboard; name = Base; path = Base.lproj/Main.storyboard; sourceTree = "<group>"; };
		7F8E423C267DD8910066B816 /* Noted.xcdatamodel */ = {isa = PBXFileReference; lastKnownFileType = wrapper.xcdatamodel; path = Noted.xcdatamodel; sourceTree = "<group>"; };
		7F8E423E267DD8920066B816 /* Assets.xcassets */ = {isa = PBXFileReference; lastKnownFileType = folder.assetcatalog; path = Assets.xcassets; sourceTree = "<group>"; };
		7F8E4241267DD8920066B816 /* Base */ = {isa = PBXFileReference; lastKnownFileType = file.storyboard; name = Base; path = Base.lproj/LaunchScreen.storyboard; sourceTree = "<group>"; };
		7F8E4243267DD8920066B816 /* Info.plist */ = {isa = PBXFileReference; lastKnownFileType = text.plist.xml; path = Info.plist; sourceTree = "<group>"; };
		7F8E424B267DD9250066B816 /* Constants.swift */ = {isa = PBXFileReference; lastKnownFileType = sourcecode.swift; path = Constants.swift; sourceTree = "<group>"; };
		7F8E4253267DDC680066B816 /* Note+CoreDataClass.swift */ = {isa = PBXFileReference; lastKnownFileType = sourcecode.swift; path = "Note+CoreDataClass.swift"; sourceTree = "<group>"; };
		7F8E4254267DDC680066B816 /* Note+CoreDataProperties.swift */ = {isa = PBXFileReference; lastKnownFileType = sourcecode.swift; path = "Note+CoreDataProperties.swift"; sourceTree = "<group>"; };
		7FA12F0E267DE325004A1A4A /* NotesVC.swift */ = {isa = PBXFileReference; lastKnownFileType = sourcecode.swift; path = NotesVC.swift; sourceTree = "<group>"; };
		7FA12F11267DECD8004A1A4A /* ViewNotesVC.swift */ = {isa = PBXFileReference; lastKnownFileType = sourcecode.swift; path = ViewNotesVC.swift; sourceTree = "<group>"; };
/* End PBXFileReference section */

/* Begin PBXFrameworksBuildPhase section */
		7F8E422C267DD8910066B816 /* Frameworks */ = {
			isa = PBXFrameworksBuildPhase;
			buildActionMask = 2147483647;
			files = (
			);
			runOnlyForDeploymentPostprocessing = 0;
		};
/* End PBXFrameworksBuildPhase section */

/* Begin PBXGroup section */
		7F8E4226267DD8910066B816 = {
			isa = PBXGroup;
			children = (
				7F8E4231267DD8910066B816 /* Noted */,
				7F8E4230267DD8910066B816 /* Products */,
			);
			sourceTree = "<group>";
		};
		7F8E4230267DD8910066B816 /* Products */ = {
			isa = PBXGroup;
			children = (
				7F8E422F267DD8910066B816 /* Noted.app */,
			);
			name = Products;
			sourceTree = "<group>";
		};
		7F8E4231267DD8910066B816 /* Noted */ = {
			isa = PBXGroup;
			children = (
				7F8E4232267DD8910066B816 /* AppDelegate.swift */,
				7F8E4234267DD8910066B816 /* SceneDelegate.swift */,
				7F8E424B267DD9250066B816 /* Constants.swift */,
				7F8E4257267DDC710066B816 /* Model */,
				7FA12F0A267DE1E0004A1A4A /* Controllers */,
				7FA12F0C267DE1E6004A1A4A /* View */,
				7F8E423E267DD8920066B816 /* Assets.xcassets */,
				7F8E4243267DD8920066B816 /* Info.plist */,
			);
			path = Noted;
			sourceTree = "<group>";
		};
		7F8E4257267DDC710066B816 /* Model */ = {
			isa = PBXGroup;
			children = (
				7F8E4254267DDC680066B816 /* Note+CoreDataProperties.swift */,
				7F8E4253267DDC680066B816 /* Note+CoreDataClass.swift */,
				7F8E423B267DD8910066B816 /* Noted.xcdatamodeld */,
			);
			path = Model;
			sourceTree = "<group>";
		};
		7FA12F0A267DE1E0004A1A4A /* Controllers */ = {
			isa = PBXGroup;
			children = (
				7F8E4236267DD8910066B816 /* BaseVC.swift */,
				7FA12F0E267DE325004A1A4A /* NotesVC.swift */,
				7FA12F11267DECD8004A1A4A /* ViewNotesVC.swift */,
			);
			path = Controllers;
			sourceTree = "<group>";
		};
		7FA12F0C267DE1E6004A1A4A /* View */ = {
			isa = PBXGroup;
			children = (
				7F8E4240267DD8920066B816 /* LaunchScreen.storyboard */,
				7F8E4238267DD8910066B816 /* Main.storyboard */,
			);
			path = View;
			sourceTree = "<group>";
		};
/* End PBXGroup section */

/* Begin PBXNativeTarget section */
		7F8E422E267DD8910066B816 /* Noted */ = {
			isa = PBXNativeTarget;
			buildConfigurationList = 7F8E4246267DD8920066B816 /* Build configuration list for PBXNativeTarget "Noted" */;
			buildPhases = (
				7F8E422B267DD8910066B816 /* Sources */,
				7F8E422C267DD8910066B816 /* Frameworks */,
				7F8E422D267DD8910066B816 /* Resources */,
			);
			buildRules = (
			);
			dependencies = (
			);
			name = Noted;
			productName = Noted;
			productReference = 7F8E422F267DD8910066B816 /* Noted.app */;
			productType = "com.apple.product-type.application";
		};
/* End PBXNativeTarget section */

/* Begin PBXProject section */
		7F8E4227267DD8910066B816 /* Project object */ = {
			isa = PBXProject;
			attributes = {
				LastSwiftUpdateCheck = 1240;
				LastUpgradeCheck = 1240;
				TargetAttributes = {
					7F8E422E267DD8910066B816 = {
						CreatedOnToolsVersion = 12.4;
					};
				};
			};
			buildConfigurationList = 7F8E422A267DD8910066B816 /* Build configuration list for PBXProject "Noted" */;
			compatibilityVersion = "Xcode 9.3";
			developmentRegion = en;
			hasScannedForEncodings = 0;
			knownRegions = (
				en,
				Base,
			);
			mainGroup = 7F8E4226267DD8910066B816;
			productRefGroup = 7F8E4230267DD8910066B816 /* Products */;
			projectDirPath = "";
			projectRoot = "";
			targets = (
				7F8E422E267DD8910066B816 /* Noted */,
			);
		};
/* End PBXProject section */

/* Begin PBXResourcesBuildPhase section */
		7F8E422D267DD8910066B816 /* Resources */ = {
			isa = PBXResourcesBuildPhase;
			buildActionMask = 2147483647;
			files = (
				7F8E4242267DD8920066B816 /* LaunchScreen.storyboard in Resources */,
				7F8E423F267DD8920066B816 /* Assets.xcassets in Resources */,
				7F8E423A267DD8910066B816 /* Main.storyboard in Resources */,
			);
			runOnlyForDeploymentPostprocessing = 0;
		};
/* End PBXResourcesBuildPhase section */

/* Begin PBXSourcesBuildPhase section */
		7F8E422B267DD8910066B816 /* Sources */ = {
			isa = PBXSourcesBuildPhase;
			buildActionMask = 2147483647;
			files = (
				7F8E424C267DD9250066B816 /* Constants.swift in Sources */,
				7F8E4256267DDC680066B816 /* Note+CoreDataProperties.swift in Sources */,
				7FA12F12267DECD8004A1A4A /* ViewNotesVC.swift in Sources */,
				7FA12F0F267DE325004A1A4A /* NotesVC.swift in Sources */,
				7F8E423D267DD8910066B816 /* Noted.xcdatamodeld in Sources */,
				7F8E4237267DD8910066B816 /* BaseVC.swift in Sources */,
				7F8E4255267DDC680066B816 /* Note+CoreDataClass.swift in Sources */,
				7F8E4233267DD8910066B816 /* AppDelegate.swift in Sources */,
				7F8E4235267DD8910066B816 /* SceneDelegate.swift in Sources */,
			);
			runOnlyForDeploymentPostprocessing = 0;
		};
/* End PBXSourcesBuildPhase section */

/* Begin PBXVariantGroup section */
		7F8E4238267DD8910066B816 /* Main.storyboard */ = {
			isa = PBXVariantGroup;
			children = (
				7F8E4239267DD8910066B816 /* Base */,
			);
			name = Main.storyboard;
			sourceTree = "<group>";
		};
		7F8E4240267DD8920066B816 /* LaunchScreen.storyboard */ = {
			isa = PBXVariantGroup;
			children = (
				7F8E4241267DD8920066B816 /* Base */,
			);
			name = LaunchScreen.storyboard;
			sourceTree = "<group>";
		};
/* End PBXVariantGroup section */

/* Begin XCBuildConfiguration section */
		7F8E4244267DD8920066B816 /* Debug */ = {
			isa = XCBuildConfiguration;
			buildSettings = {
				ALWAYS_SEARCH_USER_PATHS = NO;
				CLANG_ANALYZER_NONNULL = YES;
				CLANG_ANALYZER_NUMBER_OBJECT_CONVERSION = YES_AGGRESSIVE;
				CLANG_CXX_LANGUAGE_STANDARD = "gnu++14";
				CLANG_CXX_LIBRARY = "libc++";
				CLANG_ENABLE_MODULES = YES;
				CLANG_ENABLE_OBJC_ARC = YES;
				CLANG_ENABLE_OBJC_WEAK = YES;
				CLANG_WARN_BLOCK_CAPTURE_AUTORELEASING = YES;
				CLANG_WARN_BOOL_CONVERSION = YES;
				CLANG_WARN_COMMA = YES;
				CLANG_WARN_CONSTANT_CONVERSION = YES;
				CLANG_WARN_DEPRECATED_OBJC_IMPLEMENTATIONS = YES;
				CLANG_WARN_DIRECT_OBJC_ISA_USAGE = YES_ERROR;
				CLANG_WARN_DOCUMENTATION_COMMENTS = YES;
				CLANG_WARN_EMPTY_BODY = YES;
				CLANG_WARN_ENUM_CONVERSION = YES;
				CLANG_WARN_INFINITE_RECURSION = YES;
				CLANG_WARN_INT_CONVERSION = YES;
				CLANG_WARN_NON_LITERAL_NULL_CONVERSION = YES;
				CLANG_WARN_OBJC_IMPLICIT_RETAIN_SELF = YES;
				CLANG_WARN_OBJC_LITERAL_CONVERSION = YES;
				CLANG_WARN_OBJC_ROOT_CLASS = YES_ERROR;
				CLANG_WARN_QUOTED_INCLUDE_IN_FRAMEWORK_HEADER = YES;
				CLANG_WARN_RANGE_LOOP_ANALYSIS = YES;
				CLANG_WARN_STRICT_PROTOTYPES = YES;
				CLANG_WARN_SUSPICIOUS_MOVE = YES;
				CLANG_WARN_UNGUARDED_AVAILABILITY = YES_AGGRESSIVE;
				CLANG_WARN_UNREACHABLE_CODE = YES;
				CLANG_WARN__DUPLICATE_METHOD_MATCH = YES;
				COPY_PHASE_STRIP = NO;
				DEBUG_INFORMATION_FORMAT = dwarf;
				ENABLE_STRICT_OBJC_MSGSEND = YES;
				ENABLE_TESTABILITY = YES;
				GCC_C_LANGUAGE_STANDARD = gnu11;
				GCC_DYNAMIC_NO_PIC = NO;
				GCC_NO_COMMON_BLOCKS = YES;
				GCC_OPTIMIZATION_LEVEL = 0;
				GCC_PREPROCESSOR_DEFINITIONS = (
					"DEBUG=1",
					"$(inherited)",
				);
				GCC_WARN_64_TO_32_BIT_CONVERSION = YES;
				GCC_WARN_ABOUT_RETURN_TYPE = YES_ERROR;
				GCC_WARN_UNDECLARED_SELECTOR = YES;
				GCC_WARN_UNINITIALIZED_AUTOS = YES_AGGRESSIVE;
				GCC_WARN_UNUSED_FUNCTION = YES;
				GCC_WARN_UNUSED_VARIABLE = YES;
				IPHONEOS_DEPLOYMENT_TARGET = 14.4;
				MTL_ENABLE_DEBUG_INFO = INCLUDE_SOURCE;
				MTL_FAST_MATH = YES;
				ONLY_ACTIVE_ARCH = YES;
				SDKROOT = iphoneos;
				SWIFT_ACTIVE_COMPILATION_CONDITIONS = DEBUG;
				SWIFT_OPTIMIZATION_LEVEL = "-Onone";
			};
			name = Debug;
		};
		7F8E4245267DD8920066B816 /* Release */ = {
			isa = XCBuildConfiguration;
			buildSettings = {
				ALWAYS_SEARCH_USER_PATHS = NO;
				CLANG_ANALYZER_NONNULL = YES;
				CLANG_ANALYZER_NUMBER_OBJECT_CONVERSION = YES_AGGRESSIVE;
				CLANG_CXX_LANGUAGE_STANDARD = "gnu++14";
				CLANG_CXX_LIBRARY = "libc++";
				CLANG_ENABLE_MODULES = YES;
				CLANG_ENABLE_OBJC_ARC = YES;
				CLANG_ENABLE_OBJC_WEAK = YES;
				CLANG_WARN_BLOCK_CAPTURE_AUTORELEASING = YES;
				CLANG_WARN_BOOL_CONVERSION = YES;
				CLANG_WARN_COMMA = YES;
				CLANG_WARN_CONSTANT_CONVERSION = YES;
				CLANG_WARN_DEPRECATED_OBJC_IMPLEMENTATIONS = YES;
				CLANG_WARN_DIRECT_OBJC_ISA_USAGE = YES_ERROR;
				CLANG_WARN_DOCUMENTATION_COMMENTS = YES;
				CLANG_WARN_EMPTY_BODY = YES;
				CLANG_WARN_ENUM_CONVERSION = YES;
				CLANG_WARN_INFINITE_RECURSION = YES;
				CLANG_WARN_INT_CONVERSION = YES;
				CLANG_WARN_NON_LITERAL_NULL_CONVERSION = YES;
				CLANG_WARN_OBJC_IMPLICIT_RETAIN_SELF = YES;
				CLANG_WARN_OBJC_LITERAL_CONVERSION = YES;
				CLANG_WARN_OBJC_ROOT_CLASS = YES_ERROR;
				CLANG_WARN_QUOTED_INCLUDE_IN_FRAMEWORK_HEADER = YES;
				CLANG_WARN_RANGE_LOOP_ANALYSIS = YES;
				CLANG_WARN_STRICT_PROTOTYPES = YES;
				CLANG_WARN_SUSPICIOUS_MOVE = YES;
				CLANG_WARN_UNGUARDED_AVAILABILITY = YES_AGGRESSIVE;
				CLANG_WARN_UNREACHABLE_CODE = YES;
				CLANG_WARN__DUPLICATE_METHOD_MATCH = YES;
				COPY_PHASE_STRIP = NO;
				DEBUG_INFORMATION_FORMAT = "dwarf-with-dsym";
				ENABLE_NS_ASSERTIONS = NO;
				ENABLE_STRICT_OBJC_MSGSEND = YES;
				GCC_C_LANGUAGE_STANDARD = gnu11;
				GCC_NO_COMMON_BLOCKS = YES;
				GCC_WARN_64_TO_32_BIT_CONVERSION = YES;
				GCC_WARN_ABOUT_RETURN_TYPE = YES_ERROR;
				GCC_WARN_UNDECLARED_SELECTOR = YES;
				GCC_WARN_UNINITIALIZED_AUTOS = YES_AGGRESSIVE;
				GCC_WARN_UNUSED_FUNCTION = YES;
				GCC_WARN_UNUSED_VARIABLE = YES;
				IPHONEOS_DEPLOYMENT_TARGET = 14.4;
				MTL_ENABLE_DEBUG_INFO = NO;
				MTL_FAST_MATH = YES;
				SDKROOT = iphoneos;
				SWIFT_COMPILATION_MODE = wholemodule;
				SWIFT_OPTIMIZATION_LEVEL = "-O";
				VALIDATE_PRODUCT = YES;
			};
			name = Release;
		};
		7F8E4247267DD8920066B816 /* Debug */ = {
			isa = XCBuildConfiguration;
			buildSettings = {
				ASSETCATALOG_COMPILER_APPICON_NAME = AppIcon;
				ASSETCATALOG_COMPILER_GLOBAL_ACCENT_COLOR_NAME = AccentColor;
				CODE_SIGN_STYLE = Automatic;
				INFOPLIST_FILE = Noted/Info.plist;
				IPHONEOS_DEPLOYMENT_TARGET = 13.0;
				LD_RUNPATH_SEARCH_PATHS = (
					"$(inherited)",
					"@executable_path/Frameworks",
				);
				PRODUCT_BUNDLE_IDENTIFIER = com.esikmalazman.Noted;
				PRODUCT_NAME = "$(TARGET_NAME)";
				SWIFT_VERSION = 5.0;
				TARGETED_DEVICE_FAMILY = "1,2";
			};
			name = Debug;
		};
		7F8E4248267DD8920066B816 /* Release */ = {
			isa = XCBuildConfiguration;
			buildSettings = {
				ASSETCATALOG_COMPILER_APPICON_NAME = AppIcon;
				ASSETCATALOG_COMPILER_GLOBAL_ACCENT_COLOR_NAME = AccentColor;
				CODE_SIGN_STYLE = Automatic;
				INFOPLIST_FILE = Noted/Info.plist;
				IPHONEOS_DEPLOYMENT_TARGET = 13.0;
				LD_RUNPATH_SEARCH_PATHS = (
					"$(inherited)",
					"@executable_path/Frameworks",
				);
				PRODUCT_BUNDLE_IDENTIFIER = com.esikmalazman.Noted;
				PRODUCT_NAME = "$(TARGET_NAME)";
				SWIFT_VERSION = 5.0;
				TARGETED_DEVICE_FAMILY = "1,2";
			};
			name = Release;
		};
/* End XCBuildConfiguration section */

/* Begin XCConfigurationList section */
		7F8E422A267DD8910066B816 /* Build configuration list for PBXProject "Noted" */ = {
			isa = XCConfigurationList;
			buildConfigurations = (
				7F8E4244267DD8920066B816 /* Debug */,
				7F8E4245267DD8920066B816 /* Release */,
			);
			defaultConfigurationIsVisible = 0;
			defaultConfigurationName = Release;
		};
		7F8E4246267DD8920066B816 /* Build configuration list for PBXNativeTarget "Noted" */ = {
			isa = XCConfigurationList;
			buildConfigurations = (
				7F8E4247267DD8920066B816 /* Debug */,
				7F8E4248267DD8920066B816 /* Release */,
			);
			defaultConfigurationIsVisible = 0;
			defaultConfigurationName = Release;
		};
/* End XCConfigurationList section */

/* Begin XCVersionGroup section */
		7F8E423B267DD8910066B816 /* Noted.xcdatamodeld */ = {
			isa = XCVersionGroup;
			children = (
				7F8E423C267DD8910066B816 /* Noted.xcdatamodel */,
			);
			currentVersion = 7F8E423C267DD8910066B816 /* Noted.xcdatamodel */;
			path = Noted.xcdatamodeld;
			sourceTree = "<group>";
			versionGroupType = wrapper.xcdatamodel;
		};
/* End XCVersionGroup section */
	};
	rootObject = 7F8E4227267DD8910066B816 /* Project object */;
}
